
Microsoft Visual Studio Solution File, Format Version 12.00
# Visual Studio Version 17
VisualStudioVersion = 17.7.34202.233
MinimumVisualStudioVersion = 10.0.40219.1
Project("{FAE04EC0-301F-11D3-BF4B-00C04F79EFBC}") = "Mvc_with-_Entity", "Mvc_with-_Entity.csproj", "{CBD8A341-042B-45F4-9DE1-D85C797A79DB}"
EndProject
Global
	GlobalSection(SolutionConfigurationPlatforms) = preSolution
		Debug|Any CPU = Debug|Any CPU
		Release|Any CPU = Release|Any CPU
	EndGlobalSection
	GlobalSection(ProjectConfigurationPlatforms) = postSolution
		{CBD8A341-042B-45F4-9DE1-D85C797A79DB}.Debug|Any CPU.ActiveCfg = Debug|Any CPU
		{CBD8A341-042B-45F4-9DE1-D85C797A79DB}.Debug|Any CPU.Build.0 = Debug|Any CPU
		{CBD8A341-042B-45F4-9DE1-D85C797A79DB}.Release|Any CPU.ActiveCfg = Release|Any CPU
		{CBD8A341-042B-45F4-9DE1-D85C797A79DB}.Release|Any CPU.Build.0 = Release|Any CPU
	EndGlobalSection
	GlobalSection(SolutionProperties) = preSolution
		HideSolutionNode = FALSE
	EndGlobalSection
	GlobalSection(ExtensibilityGlobals) = postSolution
		SolutionGuid = {6541635F-936E-4EB3-8E1A-AA9253C706CA}
	EndGlobalSection
EndGlobal
