
Microsoft Visual Studio Solution File, Format Version 12.00
# Visual Studio Version 17
VisualStudioVersion = 17.7.34202.233
MinimumVisualStudioVersion = 10.0.40219.1
Project("{FAE04EC0-301F-11D3-BF4B-00C04F79EFBC}") = "WebAppAssingment", "WebAppAssingment.csproj", "{D942697D-7825-45CB-A291-3090F4D6EBFC}"
EndProject
Global
	GlobalSection(SolutionConfigurationPlatforms) = preSolution
		Debug|Any CPU = Debug|Any CPU
		Release|Any CPU = Release|Any CPU
	EndGlobalSection
	GlobalSection(ProjectConfigurationPlatforms) = postSolution
		{D942697D-7825-45CB-A291-3090F4D6EBFC}.Debug|Any CPU.ActiveCfg = Debug|Any CPU
		{D942697D-7825-45CB-A291-3090F4D6EBFC}.Debug|Any CPU.Build.0 = Debug|Any CPU
		{D942697D-7825-45CB-A291-3090F4D6EBFC}.Release|Any CPU.ActiveCfg = Release|Any CPU
		{D942697D-7825-45CB-A291-3090F4D6EBFC}.Release|Any CPU.Build.0 = Release|Any CPU
	EndGlobalSection
	GlobalSection(SolutionProperties) = preSolution
		HideSolutionNode = FALSE
	EndGlobalSection
	GlobalSection(ExtensibilityGlobals) = postSolution
		SolutionGuid = {4C79A4FC-239E-4884-B7C7-850CEECA650D}
	EndGlobalSection
EndGlobal
