
Microsoft Visual Studio Solution File, Format Version 12.00
# Visual Studio Version 17
VisualStudioVersion = 17.7.34202.233
MinimumVisualStudioVersion = 10.0.40219.1
Project("{FAE04EC0-301F-11D3-BF4B-00C04F79EFBC}") = "ADO_Disconnected", "ADO_Disconnected.csproj", "{F9C09693-EF7E-462D-97B7-FB4432AFE62E}"
EndProject
Global
	GlobalSection(SolutionConfigurationPlatforms) = preSolution
		Debug|Any CPU = Debug|Any CPU
		Release|Any CPU = Release|Any CPU
	EndGlobalSection
	GlobalSection(ProjectConfigurationPlatforms) = postSolution
		{F9C09693-EF7E-462D-97B7-FB4432AFE62E}.Debug|Any CPU.ActiveCfg = Debug|Any CPU
		{F9C09693-EF7E-462D-97B7-FB4432AFE62E}.Debug|Any CPU.Build.0 = Debug|Any CPU
		{F9C09693-EF7E-462D-97B7-FB4432AFE62E}.Release|Any CPU.ActiveCfg = Release|Any CPU
		{F9C09693-EF7E-462D-97B7-FB4432AFE62E}.Release|Any CPU.Build.0 = Release|Any CPU
	EndGlobalSection
	GlobalSection(SolutionProperties) = preSolution
		HideSolutionNode = FALSE
	EndGlobalSection
	GlobalSection(ExtensibilityGlobals) = postSolution
		SolutionGuid = {B1BBDEFF-E674-4E4E-A55E-671621B80ED1}
	EndGlobalSection
EndGlobal
