
Microsoft Visual Studio Solution File, Format Version 12.00
# Visual Studio Version 17
VisualStudioVersion = 17.7.34202.233
MinimumVisualStudioVersion = 10.0.40219.1
Project("{FAE04EC0-301F-11D3-BF4B-00C04F79EFBC}") = "HR_EMP_INmemory", "HR_EMP_INmemory.csproj", "{2898D2AC-F65A-4496-9406-D884593F06C5}"
EndProject
Global
	GlobalSection(SolutionConfigurationPlatforms) = preSolution
		Debug|Any CPU = Debug|Any CPU
		Release|Any CPU = Release|Any CPU
	EndGlobalSection
	GlobalSection(ProjectConfigurationPlatforms) = postSolution
		{2898D2AC-F65A-4496-9406-D884593F06C5}.Debug|Any CPU.ActiveCfg = Debug|Any CPU
		{2898D2AC-F65A-4496-9406-D884593F06C5}.Debug|Any CPU.Build.0 = Debug|Any CPU
		{2898D2AC-F65A-4496-9406-D884593F06C5}.Release|Any CPU.ActiveCfg = Release|Any CPU
		{2898D2AC-F65A-4496-9406-D884593F06C5}.Release|Any CPU.Build.0 = Release|Any CPU
	EndGlobalSection
	GlobalSection(SolutionProperties) = preSolution
		HideSolutionNode = FALSE
	EndGlobalSection
	GlobalSection(ExtensibilityGlobals) = postSolution
		SolutionGuid = {9FF12758-D171-4A53-98DD-A002527EAFF4}
	EndGlobalSection
EndGlobal
