
Microsoft Visual Studio Solution File, Format Version 12.00
# Visual Studio Version 17
VisualStudioVersion = 17.7.34009.444
MinimumVisualStudioVersion = 10.0.40219.1
Project("{FAE04EC0-301F-11D3-BF4B-00C04F79EFBC}") = "ConsoleAppEntity01", "ConsoleAppEntity01\ConsoleAppEntity01.csproj", "{FF60E70F-6F67-42BC-AEA8-0CE4C6DED60D}"
EndProject
Global
	GlobalSection(SolutionConfigurationPlatforms) = preSolution
		Debug|Any CPU = Debug|Any CPU
		Release|Any CPU = Release|Any CPU
	EndGlobalSection
	GlobalSection(ProjectConfigurationPlatforms) = postSolution
		{FF60E70F-6F67-42BC-AEA8-0CE4C6DED60D}.Debug|Any CPU.ActiveCfg = Debug|Any CPU
		{FF60E70F-6F67-42BC-AEA8-0CE4C6DED60D}.Debug|Any CPU.Build.0 = Debug|Any CPU
		{FF60E70F-6F67-42BC-AEA8-0CE4C6DED60D}.Release|Any CPU.ActiveCfg = Release|Any CPU
		{FF60E70F-6F67-42BC-AEA8-0CE4C6DED60D}.Release|Any CPU.Build.0 = Release|Any CPU
	EndGlobalSection
	GlobalSection(SolutionProperties) = preSolution
		HideSolutionNode = FALSE
	EndGlobalSection
	GlobalSection(ExtensibilityGlobals) = postSolution
		SolutionGuid = {3616B888-0C66-4D00-B7BE-31AAFED64826}
	EndGlobalSection
EndGlobal
